
Microsoft Visual Studio Solution File, Format Version 12.00
# Visual Studio Version 17
VisualStudioVersion = 17.9.34728.123
MinimumVisualStudioVersion = 10.0.40219.1
Project("{9A19103F-16F7-4668-BE54-9A1E7A4F7556}") = "WebApiNet8POC", "WebApiNet8POC.csproj", "{A5DD83EF-8CE4-481D-B99E-DE4D9D93BE0B}"
EndProject
Project("{9A19103F-16F7-4668-BE54-9A1E7A4F7556}") = "WebApiNet8POC.Infrastructure", "..\WebApiNet8POC.Infrastructure\WebApiNet8POC.Infrastructure.csproj", "{D47C3C01-CC36-449B-86BC-850FC8225768}"
EndProject
Project("{9A19103F-16F7-4668-BE54-9A1E7A4F7556}") = "WebApiNet8POC.Models", "..\WebApiNet8POC.Models\WebApiNet8POC.Models.csproj", "{32CB8364-136C-4057-86DD-8EEB3D9BCA4C}"
EndProject
Project("{9A19103F-16F7-4668-BE54-9A1E7A4F7556}") = "WebApiNet8POC.Repositories", "..\WebApiNet8POC.Repositories\WebApiNet8POC.Repositories.csproj", "{2BAA4263-821F-48D4-8997-E595582455B0}"
EndProject
Project("{9A19103F-16F7-4668-BE54-9A1E7A4F7556}") = "WebApiNet8POC.Services", "..\WebApiNet8POC.Services\WebApiNet8POC.Services.csproj", "{ACCADECC-656D-4790-8615-DDEB0C332B60}"
EndProject
Global
	GlobalSection(SolutionConfigurationPlatforms) = preSolution
		Debug|Any CPU = Debug|Any CPU
		Release|Any CPU = Release|Any CPU
	EndGlobalSection
	GlobalSection(ProjectConfigurationPlatforms) = postSolution
		{A5DD83EF-8CE4-481D-B99E-DE4D9D93BE0B}.Debug|Any CPU.ActiveCfg = Debug|Any CPU
		{A5DD83EF-8CE4-481D-B99E-DE4D9D93BE0B}.Debug|Any CPU.Build.0 = Debug|Any CPU
		{A5DD83EF-8CE4-481D-B99E-DE4D9D93BE0B}.Release|Any CPU.ActiveCfg = Release|Any CPU
		{A5DD83EF-8CE4-481D-B99E-DE4D9D93BE0B}.Release|Any CPU.Build.0 = Release|Any CPU
		{D47C3C01-CC36-449B-86BC-850FC8225768}.Debug|Any CPU.ActiveCfg = Debug|Any CPU
		{D47C3C01-CC36-449B-86BC-850FC8225768}.Debug|Any CPU.Build.0 = Debug|Any CPU
		{D47C3C01-CC36-449B-86BC-850FC8225768}.Release|Any CPU.ActiveCfg = Release|Any CPU
		{D47C3C01-CC36-449B-86BC-850FC8225768}.Release|Any CPU.Build.0 = Release|Any CPU
		{32CB8364-136C-4057-86DD-8EEB3D9BCA4C}.Debug|Any CPU.ActiveCfg = Debug|Any CPU
		{32CB8364-136C-4057-86DD-8EEB3D9BCA4C}.Debug|Any CPU.Build.0 = Debug|Any CPU
		{32CB8364-136C-4057-86DD-8EEB3D9BCA4C}.Release|Any CPU.ActiveCfg = Release|Any CPU
		{32CB8364-136C-4057-86DD-8EEB3D9BCA4C}.Release|Any CPU.Build.0 = Release|Any CPU
		{2BAA4263-821F-48D4-8997-E595582455B0}.Debug|Any CPU.ActiveCfg = Debug|Any CPU
		{2BAA4263-821F-48D4-8997-E595582455B0}.Debug|Any CPU.Build.0 = Debug|Any CPU
		{2BAA4263-821F-48D4-8997-E595582455B0}.Release|Any CPU.ActiveCfg = Release|Any CPU
		{2BAA4263-821F-48D4-8997-E595582455B0}.Release|Any CPU.Build.0 = Release|Any CPU
		{ACCADECC-656D-4790-8615-DDEB0C332B60}.Debug|Any CPU.ActiveCfg = Debug|Any CPU
		{ACCADECC-656D-4790-8615-DDEB0C332B60}.Debug|Any CPU.Build.0 = Debug|Any CPU
		{ACCADECC-656D-4790-8615-DDEB0C332B60}.Release|Any CPU.ActiveCfg = Release|Any CPU
		{ACCADECC-656D-4790-8615-DDEB0C332B60}.Release|Any CPU.Build.0 = Release|Any CPU
	EndGlobalSection
	GlobalSection(SolutionProperties) = preSolution
		HideSolutionNode = FALSE
	EndGlobalSection
	GlobalSection(ExtensibilityGlobals) = postSolution
		SolutionGuid = {AE64D4BA-3D73-4242-8D50-08A2979D53C4}
	EndGlobalSection
EndGlobal
